{
  "version": 4,
  "terraform_version": "1.5.5",
  "serial": 12,
  "lineage": "8a5e27d6-7e3c-4c03-8852-d3395fc5e6e7",
  "outputs": {
    "instance_ip": {
      "value": "10.0.1.10",
      "type": "string"
    },
    "vpc_id": {
      "value": "vpc-0a1b2c3d4e5f6g7h8",
      "type": "string"
    },
    "complex_output": {
      "value": {
        "id": "resource-123",
        "tags": ["web", "production"],
        "nested": {
          "property": "value"
        }
      },
      "type": [
        "object",
        {
          "id": "string",
          "tags": [
            "list",
            "string"
          ],
          "nested": [
            "object",
            {
              "property": "string"
            }
          ]
        }
      ]
    }
  },
  "resources": [
    {
      "mode": "managed",
      "type": "aws_instance",
      "name": "web_server",
      "provider": "provider[\"registry.terraform.io/hashicorp/aws\"]",
      "instances": [
        {
          "schema_version": 1,
          "attributes": {
            "ami": "ami-0c55b159cbfafe1f0",
            "arn": "arn:aws:ec2:us-west-2:123456789012:instance/i-1234567890abcdef0",
            "associate_public_ip_address": true,
            "availability_zone": "us-west-2a",
            "cpu_core_count": 2,
            "id": "i-1234567890abcdef0",
            "instance_type": "t2.micro",
            "private_ip": "10.0.1.10",
            "public_ip": "54.186.123.456",
            "subnet_id": "subnet-abcdef12",
            "tags": {
              "Name": "WebServer",
              "Environment": "Production"
            }
          },
          "dependencies": [
            "aws_subnet.main",
            "aws_vpc.main"
          ],
          "status": "tainted"
        }
      ]
    },
    {
      "mode": "managed",
      "type": "aws_vpc",
      "name": "main",
      "provider": "provider[\"registry.terraform.io/hashicorp/aws\"]",
      "instances": [
        {
          "schema_version": 1,
          "attributes": {
            "arn": "arn:aws:ec2:us-west-2:123456789012:vpc/vpc-0a1b2c3d4e5f6g7h8",
            "cidr_block": "10.0.0.0/16",
            "default": false,
            "enable_dns_hostnames": true,
            "enable_dns_support": true,
            "id": "vpc-0a1b2c3d4e5f6g7h8",
            "tags": {
              "Name": "MainVPC"
            }
          },
          "status": "created"
        }
      ]
    },
    {
      "mode": "managed",
      "type": "aws_subnet",
      "name": "main",
      "provider": "provider[\"registry.terraform.io/hashicorp/aws\"]",
      "instances": [
        {
          "schema_version": 1,
          "attributes": {
            "arn": "arn:aws:ec2:us-west-2:123456789012:subnet/subnet-abcdef12",
            "cidr_block": "10.0.1.0/24",
            "id": "subnet-abcdef12",
            "vpc_id": "vpc-0a1b2c3d4e5f6g7h8",
            "availability_zone": "us-west-2a",
            "map_public_ip_on_launch": true,
            "tags": {
              "Name": "MainSubnet"
            }
          },
          "dependencies": [
            "aws_vpc.main"
          ],
          "status": "created"
        }
      ]
    },
    {
      "mode": "managed",
      "type": "aws_s3_bucket",
      "name": "data",
      "provider": "provider[\"registry.terraform.io/hashicorp/aws\"]",
      "instances": [
        {
          "schema_version": 0,
          "attributes": {
            "bucket": "my-terraform-data-bucket",
            "acl": "private",
            "force_destroy": false,
            "id": "my-terraform-data-bucket",
            "region": "us-west-2",
            "versioning": [
              {
                "enabled": true,
                "mfa_delete": false
              }
            ],
            "website": []
          },
          "status": "created"
        }
      ]
    },
    {
      "mode": "managed",
      "type": "aws_security_group",
      "name": "web",
      "provider": "provider[\"registry.terraform.io/hashicorp/aws\"]",
      "instances": [
        {
          "schema_version": 1,
          "attributes": {
            "description": "Allow web traffic",
            "egress": [
              {
                "cidr_blocks": [
                  "0.0.0.0/0"
                ],
                "from_port": 0,
                "protocol": "-1",
                "to_port": 0
              }
            ],
            "id": "sg-01234567",
            "ingress": [
              {
                "cidr_blocks": [
                  "0.0.0.0/0"
                ],
                "from_port": 80,
                "protocol": "tcp",
                "to_port": 80
              },
              {
                "cidr_blocks": [
                  "0.0.0.0/0"
                ],
                "from_port": 443,
                "protocol": "tcp",
                "to_port": 443
              }
            ],
            "name": "web-sg",
            "vpc_id": "vpc-0a1b2c3d4e5f6g7h8"
          },
          "dependencies": [
            "aws_vpc.main"
          ],
          "status": "created"
        }
      ]
    },
    {
      "mode": "data",
      "type": "aws_ami",
      "name": "ubuntu",
      "provider": "provider[\"registry.terraform.io/hashicorp/aws\"]",
      "instances": [
        {
          "schema_version": 0,
          "attributes": {
            "architecture": "x86_64",
            "id": "ami-0c55b159cbfafe1f0",
            "image_id": "ami-0c55b159cbfafe1f0",
            "name": "ubuntu/images/hvm-ssd/ubuntu-focal-20.04-amd64-server-20230517",
            "owner_id": "099720109477",
            "tags": {}
          }
        }
      ]
    },
    {
      "module": "module.database",
      "mode": "managed",
      "type": "aws_db_instance",
      "name": "postgres",
      "provider": "provider[\"registry.terraform.io/hashicorp/aws\"]",
      "instances": [
        {
          "schema_version": 1,
          "attributes": {
            "allocated_storage": 20,
            "engine": "postgres",
            "engine_version": "14.7",
            "id": "db-12345",
            "instance_class": "db.t3.micro",
            "name": "application_db",
            "username": "dbadmin",
            "port": 5432,
            "storage_encrypted": true,
            "tags": {
              "Name": "PostgresDB"
            }
          },
          "dependencies": [
            "aws_vpc.main",
            "aws_subnet.main"
          ],
          "status": "created"
        }
      ]
    }
  ],
  "provider_hash": {
    "provider[\"registry.terraform.io/hashicorp/aws\"]": "v4.67.0",
    "provider[\"registry.terraform.io/hashicorp/random\"]": "v3.5.1"
  }
}